
Microsoft Visual Studio Solution File, Format Version 12.00
# Visual Studio 15
VisualStudioVersion = 15.0.28307.1022
MinimumVisualStudioVersion = 10.0.40219.1
Project("{8BC9CEB8-8B4A-11D0-8D11-00A0C91BC942}") = "SkipList", "SkipList\SkipList.vcxproj", "{0825B49F-E289-499D-BB71-D4037880ECEB}"
EndProject
Global
	GlobalSection(SolutionConfigurationPlatforms) = preSolution
		Debug|x64 = Debug|x64
		Debug|x86 = Debug|x86
		Release|x64 = Release|x64
		Release|x86 = Release|x86
	EndGlobalSection
	GlobalSection(ProjectConfigurationPlatforms) = postSolution
		{0825B49F-E289-499D-BB71-D4037880ECEB}.Debug|x64.ActiveCfg = Debug|x64
		{0825B49F-E289-499D-BB71-D4037880ECEB}.Debug|x64.Build.0 = Debug|x64
		{0825B49F-E289-499D-BB71-D4037880ECEB}.Debug|x86.ActiveCfg = Debug|Win32
		{0825B49F-E289-499D-BB71-D4037880ECEB}.Debug|x86.Build.0 = Debug|Win32
		{0825B49F-E289-499D-BB71-D4037880ECEB}.Release|x64.ActiveCfg = Release|x64
		{0825B49F-E289-499D-BB71-D4037880ECEB}.Release|x64.Build.0 = Release|x64
		{0825B49F-E289-499D-BB71-D4037880ECEB}.Release|x86.ActiveCfg = Release|Win32
		{0825B49F-E289-499D-BB71-D4037880ECEB}.Release|x86.Build.0 = Release|Win32
	EndGlobalSection
	GlobalSection(SolutionProperties) = preSolution
		HideSolutionNode = FALSE
	EndGlobalSection
	GlobalSection(ExtensibilityGlobals) = postSolution
		SolutionGuid = {C43AAEC6-D85E-4755-8838-70BB1694B6EF}
	EndGlobalSection
EndGlobal
